github.com/Azure/go-ansiterm v0.0.0-20170929234023-d6e3b3328b78 h1:w+iIsaOQNcT7OZ575w+acHgRric5iCyQh+xv+KJ4HB8=
github.com/Azure/go-ansiterm v0.0.0-20170929234023-d6e3b3328b78/go.mod h1:LmzpDX56iTiv29bbRTIsUNlaFfuhWRQBWjQdVyAevI8=
github.com/Microsoft/go-winio v0.4.7 h1:vOvDiY/F1avSWlCWiKJjdYKz2jVjTK3pWPHndeG4OAY=
github.com/Microsoft/go-winio v0.4.7/go.mod h1:VhR8bwka0BXejwEJY73c50VrPtXAaKcyvVC4A4RozmA=
github.com/Nvveen/Gotty v0.0.0-20120604004816-cd527374f1e5 h1:TngWCqHvy9oXAN6lEVMRuU21PR1EtLVZJmdB18Gu3Rw=
github.com/Nvveen/Gotty v0.0.0-20120604004816-cd527374f1e5/go.mod h1:lmUJ/7eu/Q8D7ML55dXQrVaamCz2vxCfdQBasLZfHKk=
github.com/aws/aws-sdk-go-v2 v1.2.0 h1:BS+UYpbsElC82gB+2E2jiCBg36i8HlubTB/dO/moQ9c=
github.com/aws/aws-sdk-go-v2 v1.2.0/go.mod h1:zEQs02YRBw1DjK0PoJv3ygDYOFTre1ejlJWl8FwAuQo=
github.com/aws/aws-sdk-go-v2/config v1.1.1 h1:ZAoq32boMzcaTW9bcUacBswAmHTbvlvDJICgHFZuECo=
github.com/aws/aws-sdk-go-v2/config v1.1.1/go.mod h1:0XsVy9lBI/BCXm+2Tuvt39YmdHwS5unDQmxZOYe8F5Y=
github.com/aws/aws-sdk-go-v2/credentials v1.1.1 h1:NbvWIM1Mx6sNPTxowHgS2ewXCRp+NGTzUYb/96FZJbY=
github.com/aws/aws-sdk-go-v2/credentials v1.1.1/go.mod h1:mM2iIjwl7LULWtS6JCACyInboHirisUUdkBPoTHMOUo=
github.com/aws/aws-sdk-go-v2/feature/ec2/imds v1.0.2 h1:EtEU7WRaWliitZh2nmuxEXrN0Cb8EgPUFGIoTMeqbzI=
github.com/aws/aws-sdk-go-v2/feature/ec2/imds v1.0.2/go.mod h1:3hGg3PpiEjHnrkrlasTfxFqUsZ2GCk/fMUn4CbKgSkM=
github.com/aws/aws-sdk-go-v2/service/ecr v1.1.1 h1:idXCsD7Rl3LtE/MFFw81a1C1tVRSP3AOnv96U0TsRUo=
github.com/aws/aws-sdk-go-v2/service/ecr v1.1.1/go.mod h1:NGFCwbEd03lj5kwG8vO5qS5m4CfvHE4ir3pA5ozrlUM=
github.com/aws/aws-sdk-go-v2/service/internal/presigned-url v1.0.2 h1:4AH9fFjUlVktQMznF+YN33aWNXaR4VgDXyP28qokJC0=
github.com/aws/aws-sdk-go-v2/service/internal/presigned-url v1.0.2/go.mod h1:45MfaXZ0cNbeuT0KQ1XJylq8A6+OpVV2E5kvY/Kq+u8=
github.com/aws/aws-sdk-go-v2/service/sso v1.1.1 h1:37QubsarExl5ZuCBlnRP+7l1tNwZPBSTqpTBrPH98RU=
github.com/aws/aws-sdk-go-v2/service/sso v1.1.1/go.mod h1:SuZJxklHxLAXgLTc1iFXbEWkXs7QRTQpCLGaKIprQW0=
github.com/aws/aws-sdk-go-v2/service/sts v1.1.1 h1:TJoIfnIFubCX0ACVeJ0w46HEH5MwjwYN4iFhuYIhfIY=
github.com/aws/aws-sdk-go-v2/service/sts v1.1.1/go.mod h1:Wi0EBZwiz/K44YliU0EKxqTCJGUfYTWXrrBwkq736bM=
github.com/aws/smithy-go v1.1.0 h1:D6CSsM3gdxaGaqXnPgOBCeL6Mophqzu7KJOu7zW78sU=
github.com/aws/smithy-go v1.1.0/go.mod h1:EzMw8dbp/YJL4A5/sbhGddag+NPT7q084agLbB9LgIw=
github.com/cenkalti/backoff v2.2.1+incompatible h1:tNowT99t7UNflLxfYYSlKYsBpXdEet03Pg2g16Swow4=
github.com/cenkalti/backoff v2.2.1+incompatible/go.mod h1:90ReRw6GdpyfrHakVjL/QHaoyV4aDUVVkXQJJJ3NXXM=
github.com/containerd/continuity v0.0.0-20180322171221-3e8f2ea4b190 h1:xySrq2Xw0gX07PHM/LS8kuGpRd3hKDz+0/QvIJRILYk=
github.com/containerd/continuity v0.0.0-20180322171221-3e8f2ea4b190/go.mod h1:GL3xCUCBDV3CZiTSEKksMWbLE66hEyuu9qyDOOqM47Y=
github.com/danieljoos/wincred v1.1.0/go.mod h1:XYlo+eRTsVA9aHGp7NGjFkPla4m+DCL7hqDjlFjiygg=
github.com/davecgh/go-spew v1.1.0/go.mod h1:J7Y8YcW2NihsgmVo/mv3lAwl/skON4iLHjSsI+c5H38=
github.com/davecgh/go-spew v1.1.1 h1:vj9j/u1bqnvCEfJOwUhtlOARqs3+rkHYY13jYWTU97c=
github.com/davecgh/go-spew v1.1.1/go.mod h1:J7Y8YcW2NihsgmVo/mv3lAwl/skON4iLHjSsI+c5H38=
github.com/docker/docker v17.12.0-ce-rc1.0.20180323031653-57c504799d97+incompatible h1:lPjcP+xyowx30OgKUnnOUAIu8Y71PF8FBct9M6mEmvo=
github.com/docker/docker v17.12.0-ce-rc1.0.20180323031653-57c504799d97+incompatible/go.mod h1:eEKB0N0r5NX/I1kEveEz05bcu8tLC/8azJZsviup8Sk=
github.com/docker/docker-credential-helpers v0.6.4 h1:axCks+yV+2MR3/kZhAmy07yC56WZ2Pwu/fKWtKuZB0o=
github.com/docker/docker-credential-helpers v0.6.4/go.mod h1:ofX3UI0Gz1TteYBjtgs07O36Pyasyp66D2uKT7H8W1c=
github.com/docker/go-connections v0.3.0 h1:3lOnM9cSzgGwx8VfK/NGOW5fLQ0GjIlCkaktF+n1M6o=
github.com/docker/go-connections v0.3.0/go.mod h1:Gbd7IOopHjR8Iph03tsViu4nIes5XhDvyHbTtUxmeec=
github.com/docker/go-units v0.3.2 h1:Kjm80apys7gTtfVmCvVY8gwu10uofaFSrmAKOVrtueE=
github.com/docker/go-units v0.3.2/go.mod h1:fgPhTUdO+D/Jk86RDLlptpiXQzgHJF7gydDDbaIK4Dk=
github.com/fsouza/go-dockerclient v1.2.0 h1:lmjnUbZFR+De5PfuXCk62hAIlkokNtD9CaGPR8Iu5UU=
github.com/fsouza/go-dockerclient v1.2.0/go.mod h1:KpcjM623fQYE9MZiTGzKhjfxXAV9wbyX2C1cyRHfhl0=
github.com/gogo/protobuf v1.0.0 h1:2jyBKDKU/8v3v2xVR2PtiWQviFUyiaGk2rpfyFT8rTM=
github.com/gogo/protobuf v1.0.0/go.mod h1:r8qH/GZQm5c6nD/R0oafs1akxWv10x8SbQlK7atdtwQ=
github.com/google/go-cmp v0.4.1/go.mod h1:v8dTdLbMG2kIc/vJvl+f65V22dbkXbowE6jgT/gNBxE=
github.com/google/go-cmp v0.5.4 h1:L8R9j+yAqZuZjsqh/z+F1NCffTKKLShY6zXTItVIZ8M=
github.com/google/go-cmp v0.5.4/go.mod h1:v8dTdLbMG2kIc/vJvl+f65V22dbkXbowE6jgT/gNBxE=
github.com/google/go-github v15.0.0+incompatible h1:jlPg2Cpsxb/FyEV/MFiIE9tW/2RAevQNZDPeHbf5a94=
github.com/google/go-github v15.0.0+incompatible/go.mod h1:zLgOLi98H3fifZn+44m+umXrS52loVEgC2AApnigrVQ=
github.com/google/go-querystring v0.0.0-20170111101155-53e6ce116135 h1:zLTLjkaOFEFIOxY5BWLFLwh+cL8vOBW4XJ2aqLE/Tf0=
github.com/google/go-querystring v0.0.0-20170111101155-53e6ce116135/go.mod h1:odCYkC5MyYFN7vkCjXpyrEuKhc/BUO6wN/zVPAxq5ck=
github.com/gotestyourself/gotestyourself v2.2.0+incompatible h1:AQwinXlbQR2HvPjQZOmDhRqsv5mZf+Jb1RnSLxcqZcI=
github.com/gotestyourself/gotestyourself v2.2.0+incompatible/go.mod h1:zZKM6oeNM8k+FRljX1mnzVYeS8wiGgQyvST1/GafPbY=
github.com/jmespath/go-jmespath v0.4.0 h1:BEgLn5cpjn8UN1mAw4NjwDrS35OdebyEtFe+9YPoQUg=
github.com/jmespath/go-jmespath v0.4.0/go.mod h1:T8mJZnbsbmF+m6zOOFylbeCJqk5+pHWvzYPziyZiYoo=
github.com/jmespath/go-jmespath/internal/testify v1.5.1 h1:shLQSRRSCCPj3f2gpwzGwWFoC7ycTf1rcQZHOlsJ6N8=
github.com/jmespath/go-jmespath/internal/testify v1.5.1/go.mod h1:L3OGu8Wl2/fWfCI6z80xFu9LTZmf1ZRjMHUOPmWr69U=
github.com/konsorten/go-windows-terminal-sequences v1.0.3 h1:CE8S1cTafDpPvMhIxNJKvHsGVBgn1xWYf1NbHQhywc8=
github.com/konsorten/go-windows-terminal-sequences v1.0.3/go.mod h1:T0+1ngSBFLxvqU3pZ+m/2kptfBszLMUkC4ZK/EgS/cQ=
github.com/opencontainers/go-digest v1.0.0-rc1 h1:WzifXhOVOEOuFYOJAW6aQqW0TooG2iki3E3Ii+WN7gQ=
github.com/opencontainers/go-digest v1.0.0-rc1/go.mod h1:cMLVZDEM3+U2I4VmLI6N8jQYUd2OVphdqWwCJHrFt2s=
github.com/opencontainers/image-spec v1.0.1 h1:JMemWkRwHx4Zj+fVxWoMCFm/8sYGGrUVojFA6h/TRcI=
github.com/opencontainers/image-spec v1.0.1/go.mod h1:BtxoFyWECRxE4U/7sNtV5W15zMzWCbyJoFRP3s7yZA0=
github.com/opencontainers/runc v0.1.1 h1:GlxAyO6x8rfZYN9Tt0Kti5a/cP41iuiO2yYT0IJGY8Y=
github.com/opencontainers/runc v0.1.1/go.mod h1:qT5XzbpPznkRYVz/mWwUaVBUv2rmF59PVA73FjuZG0U=
github.com/opencontainers/selinux v1.6.0 h1:+bIAS/Za3q5FTwWym4fTB0vObnfCf3G/NC7K6Jx62mY=
github.com/opencontainers/selinux v1.6.0/go.mod h1:VVGKuOLlE7v4PJyT6h7mNWvq1rzqiriPsEqVhc+svHE=
github.com/pkg/errors v0.9.1 h1:FEBLx1zS214owpjy7qsBeixbURkuhQAwrK5UwLGTwt4=
github.com/pkg/errors v0.9.1/go.mod h1:bwawxfHBFNV+L2hUp1rHADufV3IMtnDRdf1r5NINEl0=
github.com/pmezard/go-difflib v1.0.0 h1:4DBwDE0NGyQoBHbLQYPwSUPoCMWR5BEzIk/f1lZbAQM=
github.com/pmezard/go-difflib v1.0.0/go.mod h1:iKH77koFhYxTK1pcRnkKkqfTogsbg7gZNVY4sRDYZ/4=
github.com/ryanuber/go-glob v0.0.0-20160226084822-572520ed46db h1:ge9atzKq16843f793fDVxKUhmTb4H5muzjJQ6PgsnHg=
github.com/ryanuber/go-glob v0.0.0-20160226084822-572520ed46db/go.mod h1:807d1WSdnB0XRJzKNil9Om6lcp/3a0v4qIHxIXzX/Yc=
github.com/sirupsen/logrus v1.6.0 h1:UBcNElsrwanuuMsnGSlYmtmgbb23qDR5dG+6X6Oo89I=
github.com/sirupsen/logrus v1.6.0/go.mod h1:7uNnSEd1DgxDLC74fIahvMZmmYsHGZGEOFrfsX/uA88=
github.com/stretchr/objx v0.1.0/go.mod h1:HFkY916IF+rwdDfMAkV7OtwuqBVzrE8GR6GFx+wExME=
github.com/stretchr/testify v1.2.2/go.mod h1:a8OnRcib4nhh0OaRAV+Yts87kKdq0PP7pXfy6kDkUVs=
github.com/stretchr/testify v1.5.1/go.mod h1:5W2xD1RspED5o8YsWQXVCued0rvSQ+mT+I5cxcmMvtA=
github.com/stretchr/testify v1.6.1 h1:hDPOHmpOpP40lSULcqw7IrRb/u7w6RpDC9399XyoNd0=
github.com/stretchr/testify v1.6.1/go.mod h1:6Fq8oRcR53rry900zMqJjRRixrwX3KX962/h/Wwjteg=
github.com/willf/bitset v1.1.11-0.20200630133818-d5bec3311243 h1:R43TdZy32XXSXjJn7M/HhALJ9imq6ztLnChfYJpVDnM=
github.com/willf/bitset v1.1.11-0.20200630133818-d5bec3311243/go.mod h1:RjeCKbqT1RxIR/KWY6phxZiaY1IyutSBfGjNPySAYV4=
golang.org/x/crypto v0.0.0-20190308221718-c2843e01d9a2/go.mod h1:djNgcEr1/C05ACkg1iLfiJU5Ep61QUkGW8qpdssI0+w=
golang.org/x/net v0.0.0-20200520004742-59133d7f0dd7 h1:AeiKBIuRw3UomYXSbLy0Mc2dDLfdtbT/IVn4keq83P0=
golang.org/x/net v0.0.0-20200520004742-59133d7f0dd7/go.mod h1:qpuaurCH72eLCgpAm/N6yyVIVM9cpaDIP3A8BGJEC5A=
golang.org/x/sys v0.0.0-20190215142949-d0b11bdaac8a/go.mod h1:STP8DvDyc/dI5b8T5hshtkjS+E42TnysNCUPdjciGhY=
golang.org/x/sys v0.0.0-20190422165155-953cdadca894/go.mod h1:h1NjWce9XRLGQEsW7wpKNCjG9DtNlClVuFLEZdDNbEs=
golang.org/x/sys v0.0.0-20191115151921-52ab43148777/go.mod h1:h1NjWce9XRLGQEsW7wpKNCjG9DtNlClVuFLEZdDNbEs=
golang.org/x/sys v0.0.0-20200323222414-85ca7c5b95cd/go.mod h1:h1NjWce9XRLGQEsW7wpKNCjG9DtNlClVuFLEZdDNbEs=
golang.org/x/sys v0.0.0-20210119212857-b64e53b001e4 h1:myAQVi0cGEoqQVR5POX+8RR2mrocKqNN1hmeMqhX27k=
golang.org/x/sys v0.0.0-20210119212857-b64e53b001e4/go.mod h1:h1NjWce9XRLGQEsW7wpKNCjG9DtNlClVuFLEZdDNbEs=
golang.org/x/text v0.3.0/go.mod h1:NqM8EUOU14njkJ3fqMW+pc6Ldnwhi/IjpwHt7yyuwOQ=
golang.org/x/xerrors v0.0.0-20191204190536-9bdfabe68543 h1:E7g+9GITq07hpfrRu66IVDexMakfv52eLZ2CXBWiKr4=
golang.org/x/xerrors v0.0.0-20191204190536-9bdfabe68543/go.mod h1:I/5z698sn9Ka8TeJc9MKroUUfqBBauWjQqLJ2OPfmY0=
gopkg.in/check.v1 v0.0.0-20161208181325-20d25e280405 h1:yhCVgyC4o1eVCa2tZl7eS0r+SDo693bJlVdllGtEeKM=
gopkg.in/check.v1 v0.0.0-20161208181325-20d25e280405/go.mod h1:Co6ibVJAznAaIkqp8huTwlJQCZ016jof/cbN4VW5Yz0=
gopkg.in/yaml.v2 v2.2.2/go.mod h1:hI93XBmqTisBFMUTm0b8Fm+jr3Dg1NNxqwp+5A1VGuI=
gopkg.in/yaml.v2 v2.2.8/go.mod h1:hI93XBmqTisBFMUTm0b8Fm+jr3Dg1NNxqwp+5A1VGuI=
gopkg.in/yaml.v2 v2.4.0 h1:D8xgwECY7CYvx+Y2n4sBz93Jn9JRvxdiyyo8CTfuKaY=
gopkg.in/yaml.v2 v2.4.0/go.mod h1:RDklbk79AGWmwhnvt/jBztapEOGDOx6ZbXqjP6csGnQ=
gopkg.in/yaml.v3 v3.0.0-20200313102051-9f266ea9e77c h1:dUUwHk2QECo/6vqA44rthZ8ie2QXMNeKRTHCNY2nXvo=
gopkg.in/yaml.v3 v3.0.0-20200313102051-9f266ea9e77c/go.mod h1:K4uyk7z7BCEPqu6E+C64Yfv1cQ7kz7rIZviUmN+EgEM=
gotest.tools v2.2.0+incompatible h1:VsBPFP1AI068pPrMxtb/S8Zkgf9xEmTLJjfM+P5UIEo=
gotest.tools v2.2.0+incompatible/go.mod h1:DsYFclhRJ6vuDpmuTbkuFWG+y2sxOXAzmJt81HFBacw=
